
Microsoft Visual Studio Solution File, Format Version 12.00
# Visual Studio Version 17
VisualStudioVersion = 17.4.33103.184
MinimumVisualStudioVersion = 10.0.40219.1
Project("{FAE04EC0-301F-11D3-BF4B-00C04F79EFBC}") = "Discord Timestamp generator", "Discord Timestamp generator\Discord Timestamp generator.csproj", "{B2ABCC81-30A0-4D9A-8C44-F3111FDD0030}"
EndProject
Global
	GlobalSection(SolutionConfigurationPlatforms) = preSolution
		Debug|Any CPU = Debug|Any CPU
		Release|Any CPU = Release|Any CPU
	EndGlobalSection
	GlobalSection(ProjectConfigurationPlatforms) = postSolution
		{B2ABCC81-30A0-4D9A-8C44-F3111FDD0030}.Debug|Any CPU.ActiveCfg = Debug|Any CPU
		{B2ABCC81-30A0-4D9A-8C44-F3111FDD0030}.Debug|Any CPU.Build.0 = Debug|Any CPU
		{B2ABCC81-30A0-4D9A-8C44-F3111FDD0030}.Release|Any CPU.ActiveCfg = Release|Any CPU
		{B2ABCC81-30A0-4D9A-8C44-F3111FDD0030}.Release|Any CPU.Build.0 = Release|Any CPU
	EndGlobalSection
	GlobalSection(SolutionProperties) = preSolution
		HideSolutionNode = FALSE
	EndGlobalSection
	GlobalSection(ExtensibilityGlobals) = postSolution
		SolutionGuid = {72ABE793-1933-45F2-BBAD-65BC5CA7CDF5}
	EndGlobalSection
EndGlobal
